
Microsoft Visual Studio Solution File, Format Version 12.00
# Visual Studio 15
VisualStudioVersion = 15.0.27130.2027
MinimumVisualStudioVersion = 10.0.40219.1
Project("{FAE04EC0-301F-11D3-BF4B-00C04F79EFBC}") = "ConsoleApp4", "ConsoleApp4.csproj", "{9E9A0799-1BF8-4E8B-B42F-C9BF96AE0020}"
EndProject
Global
	GlobalSection(SolutionConfigurationPlatforms) = preSolution
		Debug|Any CPU = Debug|Any CPU
		Debug|x64 = Debug|x64
		Debug|x86 = Debug|x86
		Release|Any CPU = Release|Any CPU
		Release|x64 = Release|x64
		Release|x86 = Release|x86
	EndGlobalSection
	GlobalSection(ProjectConfigurationPlatforms) = postSolution
		{9E9A0799-1BF8-4E8B-B42F-C9BF96AE0020}.Debug|Any CPU.ActiveCfg = Debug|Any CPU
		{9E9A0799-1BF8-4E8B-B42F-C9BF96AE0020}.Debug|Any CPU.Build.0 = Debug|Any CPU
		{9E9A0799-1BF8-4E8B-B42F-C9BF96AE0020}.Debug|x64.ActiveCfg = Debug|x64
		{9E9A0799-1BF8-4E8B-B42F-C9BF96AE0020}.Debug|x64.Build.0 = Debug|x64
		{9E9A0799-1BF8-4E8B-B42F-C9BF96AE0020}.Debug|x86.ActiveCfg = Debug|x86
		{9E9A0799-1BF8-4E8B-B42F-C9BF96AE0020}.Debug|x86.Build.0 = Debug|x86
		{9E9A0799-1BF8-4E8B-B42F-C9BF96AE0020}.Release|Any CPU.ActiveCfg = Release|Any CPU
		{9E9A0799-1BF8-4E8B-B42F-C9BF96AE0020}.Release|Any CPU.Build.0 = Release|Any CPU
		{9E9A0799-1BF8-4E8B-B42F-C9BF96AE0020}.Release|x64.ActiveCfg = Release|x64
		{9E9A0799-1BF8-4E8B-B42F-C9BF96AE0020}.Release|x64.Build.0 = Release|x64
		{9E9A0799-1BF8-4E8B-B42F-C9BF96AE0020}.Release|x86.ActiveCfg = Release|x86
		{9E9A0799-1BF8-4E8B-B42F-C9BF96AE0020}.Release|x86.Build.0 = Release|x86
	EndGlobalSection
	GlobalSection(SolutionProperties) = preSolution
		HideSolutionNode = FALSE
	EndGlobalSection
	GlobalSection(ExtensibilityGlobals) = postSolution
		SolutionGuid = {5B9DAB51-E389-4C44-BA9B-6DBBE66B88D7}
	EndGlobalSection
EndGlobal
